PODS:
  - AppAuth (1.4.0):
    - AppAuth/Core (= 1.4.0)
    - AppAuth/ExternalUserAgent (= 1.4.0)
  - AppAuth/Core (1.4.0)
  - AppAuth/ExternalUserAgent (1.4.0)
  - boost-for-react-native (1.63.0)
  - DoubleConversion (1.1.6)
  - FBLazyVector (0.64.0)
  - FBReactNativeSpec (0.64.0):
    - RCT-Folly (= 2020.01.13.00)
    - RCTRequired (= 0.64.0)
    - RCTTypeSafety (= 0.64.0)
    - React-Core (= 0.64.0)
    - React-jsi (= 0.64.0)
    - ReactCommon/turbomodule/core (= 0.64.0)
  - FBSDKCoreKit (9.3.0):
    - FBSDKCoreKit/Basics (= 9.3.0)
    - FBSDKCoreKit/Core (= 9.3.0)
  - FBSDKCoreKit/Basics (9.3.0)
  - FBSDKCoreKit/Core (9.3.0):
    - FBSDKCoreKit/Basics
  - FBSDKLoginKit (9.3.0):
    - FBSDKLoginKit/Login (= 9.3.0)
  - FBSDKLoginKit/Login (9.3.0):
    - FBSDKCoreKit (~> 9.3.0)
  - FBSDKShareKit (9.3.0):
    - FBSDKShareKit/Share (= 9.3.0)
  - FBSDKShareKit/Share (9.3.0):
    - FBSDKCoreKit (~> 9.3.0)
  - Firebase/CoreOnly (8.11.0):
    - FirebaseCore (= 8.11.0)
  - Firebase/Messaging (8.11.0):
    - Firebase/CoreOnly
    - FirebaseMessaging (~> 8.11.0)
  - FirebaseCore (8.11.0):
    - FirebaseCoreDiagnostics (~> 8.0)
    - GoogleUtilities/Environment (~> 7.7)
    - GoogleUtilities/Logger (~> 7.7)
  - FirebaseCoreDiagnostics (8.11.0):
    - GoogleDataTransport (~> 9.1)
    - GoogleUtilities/Environment (~> 7.7)
    - GoogleUtilities/Logger (~> 7.7)
    - nanopb (~> 2.30908.0)
  - FirebaseInstallations (8.11.0):
    - FirebaseCore (~> 8.0)
    - GoogleUtilities/Environment (~> 7.7)
    - GoogleUtilities/UserDefaults (~> 7.7)
    - PromisesObjC (< 3.0, >= 1.2)
  - FirebaseMessaging (8.11.0):
    - FirebaseCore (~> 8.0)
    - FirebaseInstallations (~> 8.0)
    - GoogleDataTransport (~> 9.1)
    - GoogleUtilities/AppDelegateSwizzler (~> 7.7)
    - GoogleUtilities/Environment (~> 7.7)
    - GoogleUtilities/Reachability (~> 7.7)
    - GoogleUtilities/UserDefaults (~> 7.7)
    - nanopb (~> 2.30908.0)
  - glog (0.3.5)
  - Google-Maps-iOS-Utils (2.1.0):
    - Google-Maps-iOS-Utils/Clustering (= 2.1.0)
    - Google-Maps-iOS-Utils/Geometry (= 2.1.0)
    - Google-Maps-iOS-Utils/Heatmap (= 2.1.0)
    - Google-Maps-iOS-Utils/QuadTree (= 2.1.0)
    - GoogleMaps
  - Google-Maps-iOS-Utils/Clustering (2.1.0):
    - Google-Maps-iOS-Utils/QuadTree
    - GoogleMaps
  - Google-Maps-iOS-Utils/Geometry (2.1.0):
    - GoogleMaps
  - Google-Maps-iOS-Utils/Heatmap (2.1.0):
    - Google-Maps-iOS-Utils/QuadTree
    - GoogleMaps
  - Google-Maps-iOS-Utils/QuadTree (2.1.0):
    - GoogleMaps
  - GoogleDataTransport (9.1.2):
    - GoogleUtilities/Environment (~> 7.2)
    - nanopb (~> 2.30908.0)
    - PromisesObjC (< 3.0, >= 1.2)
  - GoogleMaps (3.5.0):
    - GoogleMaps/Maps (= 3.5.0)
  - GoogleMaps/Base (3.5.0)
  - GoogleMaps/Maps (3.5.0):
    - GoogleMaps/Base
  - GoogleSignIn (6.0.2):
    - AppAuth (~> 1.4)
    - GTMAppAuth (~> 1.0)
    - GTMSessionFetcher/Core (~> 1.1)
  - GoogleUtilities/AppDelegateSwizzler (7.7.0):
    - GoogleUtilities/Environment
    - GoogleUtilities/Logger
    - GoogleUtilities/Network
  - GoogleUtilities/Environment (7.7.0):
    - PromisesObjC (< 3.0, >= 1.2)
  - GoogleUtilities/Logger (7.7.0):
    - GoogleUtilities/Environment
  - GoogleUtilities/Network (7.7.0):
    - GoogleUtilities/Logger
    - "GoogleUtilities/NSData+zlib"
    - GoogleUtilities/Reachability
  - "GoogleUtilities/NSData+zlib (7.7.0)"
  - GoogleUtilities/Reachability (7.7.0):
    - GoogleUtilities/Logger
  - GoogleUtilities/UserDefaults (7.7.0):
    - GoogleUtilities/Logger
  - GTMAppAuth (1.2.2):
    - AppAuth/Core (~> 1.4)
    - GTMSessionFetcher/Core (~> 1.5)
  - GTMSessionFetcher/Core (1.7.0)
  - libwebp (1.2.1):
    - libwebp/demux (= 1.2.1)
    - libwebp/mux (= 1.2.1)
    - libwebp/webp (= 1.2.1)
  - libwebp/demux (1.2.1):
    - libwebp/webp
  - libwebp/mux (1.2.1):
    - libwebp/demux
  - libwebp/webp (1.2.1)
  - nanopb (2.30908.0):
    - nanopb/decode (= 2.30908.0)
    - nanopb/encode (= 2.30908.0)
  - nanopb/decode (2.30908.0)
  - nanopb/encode (2.30908.0)
  - PromisesObjC (2.0.0)
  - RCT-Folly (2020.01.13.00):
    - boost-for-react-native
    - DoubleConversion
    - glog
    - RCT-Folly/Default (= 2020.01.13.00)
  - RCT-Folly/Default (2020.01.13.00):
    - boost-for-react-native
    - DoubleConversion
    - glog
  - RCTRequired (0.64.0)
  - RCTTypeSafety (0.64.0):
    - FBLazyVector (= 0.64.0)
    - RCT-Folly (= 2020.01.13.00)
    - RCTRequired (= 0.64.0)
    - React-Core (= 0.64.0)
  - React (0.64.0):
    - React-Core (= 0.64.0)
    - React-Core/DevSupport (= 0.64.0)
    - React-Core/RCTWebSocket (= 0.64.0)
    - React-RCTActionSheet (= 0.64.0)
    - React-RCTAnimation (= 0.64.0)
    - React-RCTBlob (= 0.64.0)
    - React-RCTImage (= 0.64.0)
    - React-RCTLinking (= 0.64.0)
    - React-RCTNetwork (= 0.64.0)
    - React-RCTSettings (= 0.64.0)
    - React-RCTText (= 0.64.0)
    - React-RCTVibration (= 0.64.0)
  - React-callinvoker (0.64.0)
  - React-Core (0.64.0):
    - glog
    - RCT-Folly (= 2020.01.13.00)
    - React-Core/Default (= 0.64.0)
    - React-cxxreact (= 0.64.0)
    - React-jsi (= 0.64.0)
    - React-jsiexecutor (= 0.64.0)
    - React-perflogger (= 0.64.0)
    - Yoga
  - React-Core/CoreModulesHeaders (0.64.0):
    - glog
    - RCT-Folly (= 2020.01.13.00)
    - React-Core/Default
    - React-cxxreact (= 0.64.0)
    - React-jsi (= 0.64.0)
    - React-jsiexecutor (= 0.64.0)
    - React-perflogger (= 0.64.0)
    - Yoga
  - React-Core/Default (0.64.0):
    - glog
    - RCT-Folly (= 2020.01.13.00)
    - React-cxxreact (= 0.64.0)
    - React-jsi (= 0.64.0)
    - React-jsiexecutor (= 0.64.0)
    - React-perflogger (= 0.64.0)
    - Yoga
  - React-Core/DevSupport (0.64.0):
    - glog
    - RCT-Folly (= 2020.01.13.00)
    - React-Core/Default (= 0.64.0)
    - React-Core/RCTWebSocket (= 0.64.0)
    - React-cxxreact (= 0.64.0)
    - React-jsi (= 0.64.0)
    - React-jsiexecutor (= 0.64.0)
    - React-jsinspector (= 0.64.0)
    - React-perflogger (= 0.64.0)
    - Yoga
  - React-Core/RCTActionSheetHeaders (0.64.0):
    - glog
    - RCT-Folly (= 2020.01.13.00)
    - React-Core/Default
    - React-cxxreact (= 0.64.0)
    - React-jsi (= 0.64.0)
    - React-jsiexecutor (= 0.64.0)
    - React-perflogger (= 0.64.0)
    - Yoga
  - React-Core/RCTAnimationHeaders (0.64.0):
    - glog
    - RCT-Folly (= 2020.01.13.00)
    - React-Core/Default
    - React-cxxreact (= 0.64.0)
    - React-jsi (= 0.64.0)
    - React-jsiexecutor (= 0.64.0)
    - React-perflogger (= 0.64.0)
    - Yoga
  - React-Core/RCTBlobHeaders (0.64.0):
    - glog
    - RCT-Folly (= 2020.01.13.00)
    - React-Core/Default
    - React-cxxreact (= 0.64.0)
    - React-jsi (= 0.64.0)
    - React-jsiexecutor (= 0.64.0)
    - React-perflogger (= 0.64.0)
    - Yoga
  - React-Core/RCTImageHeaders (0.64.0):
    - glog
    - RCT-Folly (= 2020.01.13.00)
    - React-Core/Default
    - React-cxxreact (= 0.64.0)
    - React-jsi (= 0.64.0)
    - React-jsiexecutor (= 0.64.0)
    - React-perflogger (= 0.64.0)
    - Yoga
  - React-Core/RCTLinkingHeaders (0.64.0):
    - glog
    - RCT-Folly (= 2020.01.13.00)
    - React-Core/Default
    - React-cxxreact (= 0.64.0)
    - React-jsi (= 0.64.0)
    - React-jsiexecutor (= 0.64.0)
    - React-perflogger (= 0.64.0)
    - Yoga
  - React-Core/RCTNetworkHeaders (0.64.0):
    - glog
    - RCT-Folly (= 2020.01.13.00)
    - React-Core/Default
    - React-cxxreact (= 0.64.0)
    - React-jsi (= 0.64.0)
    - React-jsiexecutor (= 0.64.0)
    - React-perflogger (= 0.64.0)
    - Yoga
  - React-Core/RCTSettingsHeaders (0.64.0):
    - glog
    - RCT-Folly (= 2020.01.13.00)
    - React-Core/Default
    - React-cxxreact (= 0.64.0)
    - React-jsi (= 0.64.0)
    - React-jsiexecutor (= 0.64.0)
    - React-perflogger (= 0.64.0)
    - Yoga
  - React-Core/RCTTextHeaders (0.64.0):
    - glog
    - RCT-Folly (= 2020.01.13.00)
    - React-Core/Default
    - React-cxxreact (= 0.64.0)
    - React-jsi (= 0.64.0)
    - React-jsiexecutor (= 0.64.0)
    - React-perflogger (= 0.64.0)
    - Yoga
  - React-Core/RCTVibrationHeaders (0.64.0):
    - glog
    - RCT-Folly (= 2020.01.13.00)
    - React-Core/Default
    - React-cxxreact (= 0.64.0)
    - React-jsi (= 0.64.0)
    - React-jsiexecutor (= 0.64.0)
    - React-perflogger (= 0.64.0)
    - Yoga
  - React-Core/RCTWebSocket (0.64.0):
    - glog
    - RCT-Folly (= 2020.01.13.00)
    - React-Core/Default (= 0.64.0)
    - React-cxxreact (= 0.64.0)
    - React-jsi (= 0.64.0)
    - React-jsiexecutor (= 0.64.0)
    - React-perflogger (= 0.64.0)
    - Yoga
  - React-CoreModules (0.64.0):
    - FBReactNativeSpec (= 0.64.0)
    - RCT-Folly (= 2020.01.13.00)
    - RCTTypeSafety (= 0.64.0)
    - React-Core/CoreModulesHeaders (= 0.64.0)
    - React-jsi (= 0.64.0)
    - React-RCTImage (= 0.64.0)
    - ReactCommon/turbomodule/core (= 0.64.0)
  - React-cxxreact (0.64.0):
    - boost-for-react-native (= 1.63.0)
    - DoubleConversion
    - glog
    - RCT-Folly (= 2020.01.13.00)
    - React-callinvoker (= 0.64.0)
    - React-jsi (= 0.64.0)
    - React-jsinspector (= 0.64.0)
    - React-perflogger (= 0.64.0)
    - React-runtimeexecutor (= 0.64.0)
  - React-jsi (0.64.0):
    - boost-for-react-native (= 1.63.0)
    - DoubleConversion
    - glog
    - RCT-Folly (= 2020.01.13.00)
    - React-jsi/Default (= 0.64.0)
  - React-jsi/Default (0.64.0):
    - boost-for-react-native (= 1.63.0)
    - DoubleConversion
    - glog
    - RCT-Folly (= 2020.01.13.00)
  - React-jsiexecutor (0.64.0):
    - DoubleConversion
    - glog
    - RCT-Folly (= 2020.01.13.00)
    - React-cxxreact (= 0.64.0)
    - React-jsi (= 0.64.0)
    - React-perflogger (= 0.64.0)
  - React-jsinspector (0.64.0)
  - react-native-fbsdk-next (4.6.0):
    - React-Core
    - react-native-fbsdk-next/Core (= 4.6.0)
    - react-native-fbsdk-next/Login (= 4.6.0)
    - react-native-fbsdk-next/Share (= 4.6.0)
  - react-native-fbsdk-next/Core (4.6.0):
    - FBSDKCoreKit (~> 9.3)
    - React-Core
  - react-native-fbsdk-next/Login (4.6.0):
    - FBSDKLoginKit (~> 9.3)
    - React-Core
  - react-native-fbsdk-next/Share (4.6.0):
    - FBSDKShareKit (~> 9.3)
    - React-Core
  - react-native-geolocation-service (5.3.0-beta.4):
    - React
  - react-native-google-maps (0.29.4):
    - Google-Maps-iOS-Utils (= 2.1.0)
    - GoogleMaps (= 3.5.0)
    - React-Core
  - react-native-image-picker (4.7.3):
    - React-Core
  - react-native-maps (0.29.4):
    - React-Core
  - react-native-safe-area-context (3.3.2):
    - React-Core
  - react-native-splash-screen (3.3.0):
    - React-Core
  - React-perflogger (0.64.0)
  - React-RCTActionSheet (0.64.0):
    - React-Core/RCTActionSheetHeaders (= 0.64.0)
  - React-RCTAnimation (0.64.0):
    - FBReactNativeSpec (= 0.64.0)
    - RCT-Folly (= 2020.01.13.00)
    - RCTTypeSafety (= 0.64.0)
    - React-Core/RCTAnimationHeaders (= 0.64.0)
    - React-jsi (= 0.64.0)
    - ReactCommon/turbomodule/core (= 0.64.0)
  - React-RCTBlob (0.64.0):
    - FBReactNativeSpec (= 0.64.0)
    - RCT-Folly (= 2020.01.13.00)
    - React-Core/RCTBlobHeaders (= 0.64.0)
    - React-Core/RCTWebSocket (= 0.64.0)
    - React-jsi (= 0.64.0)
    - React-RCTNetwork (= 0.64.0)
    - ReactCommon/turbomodule/core (= 0.64.0)
  - React-RCTImage (0.64.0):
    - FBReactNativeSpec (= 0.64.0)
    - RCT-Folly (= 2020.01.13.00)
    - RCTTypeSafety (= 0.64.0)
    - React-Core/RCTImageHeaders (= 0.64.0)
    - React-jsi (= 0.64.0)
    - React-RCTNetwork (= 0.64.0)
    - ReactCommon/turbomodule/core (= 0.64.0)
  - React-RCTLinking (0.64.0):
    - FBReactNativeSpec (= 0.64.0)
    - React-Core/RCTLinkingHeaders (= 0.64.0)
    - React-jsi (= 0.64.0)
    - ReactCommon/turbomodule/core (= 0.64.0)
  - React-RCTNetwork (0.64.0):
    - FBReactNativeSpec (= 0.64.0)
    - RCT-Folly (= 2020.01.13.00)
    - RCTTypeSafety (= 0.64.0)
    - React-Core/RCTNetworkHeaders (= 0.64.0)
    - React-jsi (= 0.64.0)
    - ReactCommon/turbomodule/core (= 0.64.0)
  - React-RCTSettings (0.64.0):
    - FBReactNativeSpec (= 0.64.0)
    - RCT-Folly (= 2020.01.13.00)
    - RCTTypeSafety (= 0.64.0)
    - React-Core/RCTSettingsHeaders (= 0.64.0)
    - React-jsi (= 0.64.0)
    - ReactCommon/turbomodule/core (= 0.64.0)
  - React-RCTText (0.64.0):
    - React-Core/RCTTextHeaders (= 0.64.0)
  - React-RCTVibration (0.64.0):
    - FBReactNativeSpec (= 0.64.0)
    - RCT-Folly (= 2020.01.13.00)
    - React-Core/RCTVibrationHeaders (= 0.64.0)
    - React-jsi (= 0.64.0)
    - ReactCommon/turbomodule/core (= 0.64.0)
  - React-runtimeexecutor (0.64.0):
    - React-jsi (= 0.64.0)
  - ReactCommon/turbomodule/core (0.64.0):
    - DoubleConversion
    - glog
    - RCT-Folly (= 2020.01.13.00)
    - React-callinvoker (= 0.64.0)
    - React-Core (= 0.64.0)
    - React-cxxreact (= 0.64.0)
    - React-jsi (= 0.64.0)
    - React-perflogger (= 0.64.0)
  - RNAppleAuthentication (2.1.5):
    - React-Core
  - RNCAsyncStorage (1.15.17):
    - React-Core
  - RNCMaskedView (0.1.11):
    - React
  - RNCPicker (1.16.8):
    - React-Core
  - RNFastImage (8.5.11):
    - React-Core
    - SDWebImage (~> 5.11.1)
    - SDWebImageWebPCoder (~> 0.8.4)
  - RNFBApp (14.3.0):
    - Firebase/CoreOnly (= 8.11.0)
    - React-Core
  - RNFBMessaging (14.3.0):
    - Firebase/Messaging (= 8.11.0)
    - React-Core
    - RNFBApp
  - RNGestureHandler (1.10.3):
    - React-Core
  - RNGoogleSignin (7.0.4):
    - GoogleSignIn (~> 6.0.0)
    - React-Core
  - RNLocalize (2.1.9):
    - React-Core
  - RNReanimated (2.3.1):
    - DoubleConversion
    - FBLazyVector
    - FBReactNativeSpec
    - glog
    - RCT-Folly
    - RCTRequired
    - RCTTypeSafety
    - React
    - React-callinvoker
    - React-Core
    - React-Core/DevSupport
    - React-Core/RCTWebSocket
    - React-CoreModules
    - React-cxxreact
    - React-jsi
    - React-jsiexecutor
    - React-jsinspector
    - React-RCTActionSheet
    - React-RCTAnimation
    - React-RCTBlob
    - React-RCTImage
    - React-RCTLinking
    - React-RCTNetwork
    - React-RCTSettings
    - React-RCTText
    - ReactCommon/turbomodule/core
    - Yoga
  - RNScreens (3.10.2):
    - React-Core
    - React-RCTImage
  - RNSVG (12.1.1):
    - React
  - RNVectorIcons (8.1.0):
    - React-Core
  - SDWebImage (5.11.1):
    - SDWebImage/Core (= 5.11.1)
  - SDWebImage/Core (5.11.1)
  - SDWebImageWebPCoder (0.8.4):
    - libwebp (~> 1.0)
    - SDWebImage/Core (~> 5.10)
  - Yoga (1.14.0)

DEPENDENCIES:
  - DoubleConversion (from `../node_modules/react-native/third-party-podspecs/DoubleConversion.podspec`)
  - FBLazyVector (from `../node_modules/react-native/Libraries/FBLazyVector`)
  - FBReactNativeSpec (from `../node_modules/react-native/React/FBReactNativeSpec`)
  - glog (from `../node_modules/react-native/third-party-podspecs/glog.podspec`)
  - GoogleSignIn (~> 6.0.0)
  - RCT-Folly (from `../node_modules/react-native/third-party-podspecs/RCT-Folly.podspec`)
  - RCTRequired (from `../node_modules/react-native/Libraries/RCTRequired`)
  - RCTTypeSafety (from `../node_modules/react-native/Libraries/TypeSafety`)
  - React (from `../node_modules/react-native/`)
  - React-callinvoker (from `../node_modules/react-native/ReactCommon/callinvoker`)
  - React-Core (from `../node_modules/react-native/`)
  - React-Core/DevSupport (from `../node_modules/react-native/`)
  - React-Core/RCTWebSocket (from `../node_modules/react-native/`)
  - React-CoreModules (from `../node_modules/react-native/React/CoreModules`)
  - React-cxxreact (from `../node_modules/react-native/ReactCommon/cxxreact`)
  - React-jsi (from `../node_modules/react-native/ReactCommon/jsi`)
  - React-jsiexecutor (from `../node_modules/react-native/ReactCommon/jsiexecutor`)
  - React-jsinspector (from `../node_modules/react-native/ReactCommon/jsinspector`)
  - react-native-fbsdk-next (from `../node_modules/react-native-fbsdk-next`)
  - react-native-geolocation-service (from `../node_modules/react-native-geolocation-service`)
  - react-native-google-maps (from `../node_modules/react-native-maps`)
  - react-native-image-picker (from `../node_modules/react-native-image-picker`)
  - react-native-maps (from `../node_modules/react-native-maps`)
  - react-native-safe-area-context (from `../node_modules/react-native-safe-area-context`)
  - react-native-splash-screen (from `../node_modules/react-native-splash-screen`)
  - React-perflogger (from `../node_modules/react-native/ReactCommon/reactperflogger`)
  - React-RCTActionSheet (from `../node_modules/react-native/Libraries/ActionSheetIOS`)
  - React-RCTAnimation (from `../node_modules/react-native/Libraries/NativeAnimation`)
  - React-RCTBlob (from `../node_modules/react-native/Libraries/Blob`)
  - React-RCTImage (from `../node_modules/react-native/Libraries/Image`)
  - React-RCTLinking (from `../node_modules/react-native/Libraries/LinkingIOS`)
  - React-RCTNetwork (from `../node_modules/react-native/Libraries/Network`)
  - React-RCTSettings (from `../node_modules/react-native/Libraries/Settings`)
  - React-RCTText (from `../node_modules/react-native/Libraries/Text`)
  - React-RCTVibration (from `../node_modules/react-native/Libraries/Vibration`)
  - React-runtimeexecutor (from `../node_modules/react-native/ReactCommon/runtimeexecutor`)
  - ReactCommon/turbomodule/core (from `../node_modules/react-native/ReactCommon`)
  - "RNAppleAuthentication (from `../node_modules/@invertase/react-native-apple-authentication`)"
  - "RNCAsyncStorage (from `../node_modules/@react-native-async-storage/async-storage`)"
  - "RNCMaskedView (from `../node_modules/@react-native-community/masked-view`)"
  - "RNCPicker (from `../node_modules/@react-native-picker/picker`)"
  - RNFastImage (from `../node_modules/react-native-fast-image`)
  - "RNFBApp (from `../node_modules/@react-native-firebase/app`)"
  - "RNFBMessaging (from `../node_modules/@react-native-firebase/messaging`)"
  - RNGestureHandler (from `../node_modules/react-native-gesture-handler`)
  - "RNGoogleSignin (from `../node_modules/@react-native-google-signin/google-signin`)"
  - RNLocalize (from `../node_modules/react-native-localize`)
  - RNReanimated (from `../node_modules/react-native-reanimated`)
  - RNScreens (from `../node_modules/react-native-screens`)
  - RNSVG (from `../node_modules/react-native-svg`)
  - RNVectorIcons (from `../node_modules/react-native-vector-icons`)
  - Yoga (from `../node_modules/react-native/ReactCommon/yoga`)

SPEC REPOS:
  trunk:
    - AppAuth
    - boost-for-react-native
    - FBSDKCoreKit
    - FBSDKLoginKit
    - FBSDKShareKit
    - Firebase
    - FirebaseCore
    - FirebaseCoreDiagnostics
    - FirebaseInstallations
    - FirebaseMessaging
    - Google-Maps-iOS-Utils
    - GoogleDataTransport
    - GoogleMaps
    - GoogleSignIn
    - GoogleUtilities
    - GTMAppAuth
    - GTMSessionFetcher
    - libwebp
    - nanopb
    - PromisesObjC
    - SDWebImage
    - SDWebImageWebPCoder

EXTERNAL SOURCES:
  DoubleConversion:
    :podspec: "../node_modules/react-native/third-party-podspecs/DoubleConversion.podspec"
  FBLazyVector:
    :path: "../node_modules/react-native/Libraries/FBLazyVector"
  FBReactNativeSpec:
    :path: "../node_modules/react-native/React/FBReactNativeSpec"
  glog:
    :podspec: "../node_modules/react-native/third-party-podspecs/glog.podspec"
  RCT-Folly:
    :podspec: "../node_modules/react-native/third-party-podspecs/RCT-Folly.podspec"
  RCTRequired:
    :path: "../node_modules/react-native/Libraries/RCTRequired"
  RCTTypeSafety:
    :path: "../node_modules/react-native/Libraries/TypeSafety"
  React:
    :path: "../node_modules/react-native/"
  React-callinvoker:
    :path: "../node_modules/react-native/ReactCommon/callinvoker"
  React-Core:
    :path: "../node_modules/react-native/"
  React-CoreModules:
    :path: "../node_modules/react-native/React/CoreModules"
  React-cxxreact:
    :path: "../node_modules/react-native/ReactCommon/cxxreact"
  React-jsi:
    :path: "../node_modules/react-native/ReactCommon/jsi"
  React-jsiexecutor:
    :path: "../node_modules/react-native/ReactCommon/jsiexecutor"
  React-jsinspector:
    :path: "../node_modules/react-native/ReactCommon/jsinspector"
  react-native-fbsdk-next:
    :path: "../node_modules/react-native-fbsdk-next"
  react-native-geolocation-service:
    :path: "../node_modules/react-native-geolocation-service"
  react-native-google-maps:
    :path: "../node_modules/react-native-maps"
  react-native-image-picker:
    :path: "../node_modules/react-native-image-picker"
  react-native-maps:
    :path: "../node_modules/react-native-maps"
  react-native-safe-area-context:
    :path: "../node_modules/react-native-safe-area-context"
  react-native-splash-screen:
    :path: "../node_modules/react-native-splash-screen"
  React-perflogger:
    :path: "../node_modules/react-native/ReactCommon/reactperflogger"
  React-RCTActionSheet:
    :path: "../node_modules/react-native/Libraries/ActionSheetIOS"
  React-RCTAnimation:
    :path: "../node_modules/react-native/Libraries/NativeAnimation"
  React-RCTBlob:
    :path: "../node_modules/react-native/Libraries/Blob"
  React-RCTImage:
    :path: "../node_modules/react-native/Libraries/Image"
  React-RCTLinking:
    :path: "../node_modules/react-native/Libraries/LinkingIOS"
  React-RCTNetwork:
    :path: "../node_modules/react-native/Libraries/Network"
  React-RCTSettings:
    :path: "../node_modules/react-native/Libraries/Settings"
  React-RCTText:
    :path: "../node_modules/react-native/Libraries/Text"
  React-RCTVibration:
    :path: "../node_modules/react-native/Libraries/Vibration"
  React-runtimeexecutor:
    :path: "../node_modules/react-native/ReactCommon/runtimeexecutor"
  ReactCommon:
    :path: "../node_modules/react-native/ReactCommon"
  RNAppleAuthentication:
    :path: "../node_modules/@invertase/react-native-apple-authentication"
  RNCAsyncStorage:
    :path: "../node_modules/@react-native-async-storage/async-storage"
  RNCMaskedView:
    :path: "../node_modules/@react-native-community/masked-view"
  RNCPicker:
    :path: "../node_modules/@react-native-picker/picker"
  RNFastImage:
    :path: "../node_modules/react-native-fast-image"
  RNFBApp:
    :path: "../node_modules/@react-native-firebase/app"
  RNFBMessaging:
    :path: "../node_modules/@react-native-firebase/messaging"
  RNGestureHandler:
    :path: "../node_modules/react-native-gesture-handler"
  RNGoogleSignin:
    :path: "../node_modules/@react-native-google-signin/google-signin"
  RNLocalize:
    :path: "../node_modules/react-native-localize"
  RNReanimated:
    :path: "../node_modules/react-native-reanimated"
  RNScreens:
    :path: "../node_modules/react-native-screens"
  RNSVG:
    :path: "../node_modules/react-native-svg"
  RNVectorIcons:
    :path: "../node_modules/react-native-vector-icons"
  Yoga:
    :path: "../node_modules/react-native/ReactCommon/yoga"

SPEC CHECKSUMS:
  AppAuth: 31bcec809a638d7bd2f86ea8a52bd45f6e81e7c7
  boost-for-react-native: 39c7adb57c4e60d6c5479dd8623128eb5b3f0f2c
  DoubleConversion: cf9b38bf0b2d048436d9a82ad2abe1404f11e7de
  FBLazyVector: 49cbe4b43e445b06bf29199b6ad2057649e4c8f5
  FBReactNativeSpec: 61ff7d55d98abb59e18fb8a262ba87e1fdbe3b3b
  FBSDKCoreKit: 0d1ae58388a458b8222f72025804cdc84eb5d0c3
  FBSDKLoginKit: aea68df6121c5e165ccae2fabfdc83c4644ee40f
  FBSDKShareKit: 70889c97c62f0c6b3ccb8b999e73a85f19024001
  Firebase: 44dd9724c84df18b486639e874f31436eaa9a20c
  FirebaseCore: 2f4f85b453cc8fea4bb2b37e370007d2bcafe3f0
  FirebaseCoreDiagnostics: 64d9709d804a6c25bd77841371c1fcfd909d5601
  FirebaseInstallations: 044eede8a049bce71c4541ee68d6e4364fcbe774
  FirebaseMessaging: 02e248e8997f71fa8cc9d78e9d49ec1a701ba14a
  glog: 73c2498ac6884b13ede40eda8228cb1eee9d9d62
  Google-Maps-iOS-Utils: c32891ff472eaaa1fca032beedafa1a013af7875
  GoogleDataTransport: 629c20a4d363167143f30ea78320d5a7eb8bd940
  GoogleMaps: 32ca02de09de357a10ac773f2c70f1986751392d
  GoogleSignIn: fd381840dbe7c1137aa6dc30849a5c3e070c034a
  GoogleUtilities: e0913149f6b0625b553d70dae12b49fc62914fd1
  GTMAppAuth: ad5c2b70b9a8689e1a04033c9369c4915bfcbe89
  GTMSessionFetcher: 43748f93435c2aa068b1cbe39655aaf600652e91
  libwebp: 98a37e597e40bfdb4c911fc98f2c53d0b12d05fc
  nanopb: a0ba3315591a9ae0a16a309ee504766e90db0c96
  PromisesObjC: 68159ce6952d93e17b2dfe273b8c40907db5ba58
  RCT-Folly: ec7a233ccc97cc556cf7237f0db1ff65b986f27c
  RCTRequired: 2f8cb5b7533219bf4218a045f92768129cf7050a
  RCTTypeSafety: 512728b73549e72ad7330b92f3d42936f2a4de5b
  React: 98eac01574128a790f0bbbafe2d1a8607291ac24
  React-callinvoker: def3f7fae16192df68d9b69fd4bbb59092ee36bc
  React-Core: 70a52aa5dbe9b83befae82038451a7df9fd54c5a
  React-CoreModules: 052edef46117862e2570eb3a0f06d81c61d2c4b8
  React-cxxreact: c1dc71b30653cfb4770efdafcbdc0ad6d388baab
  React-jsi: 74341196d9547cbcbcfa4b3bbbf03af56431d5a1
  React-jsiexecutor: 06a9c77b56902ae7ffcdd7a4905f664adc5d237b
  React-jsinspector: 0ae35a37b20d5e031eb020a69cc5afdbd6406301
  react-native-fbsdk-next: a0dd8905af573ec4d21b7bc398423ccaa2ce2b07
  react-native-geolocation-service: c0efb872258ed9240f1003a70fca9e9757e5c785
  react-native-google-maps: 34517207071d54f3bc23c68752bbec0217bfc79e
  react-native-image-picker: 4e6008ad8c2321622affa2c85432a5ebd02d480c
  react-native-maps: a421fe6aeb74279597c4ea9598f25796108e2d89
  react-native-safe-area-context: 584dc04881deb49474363f3be89e4ca0e854c057
  react-native-splash-screen: 4312f786b13a81b5169ef346d76d33bc0c6dc457
  React-perflogger: 9c547d8f06b9bf00cb447f2b75e8d7f19b7e02af
  React-RCTActionSheet: 3080b6e12e0e1a5b313c8c0050699b5c794a1b11
  React-RCTAnimation: 3f96f21a497ae7dabf4d2f150ee43f906aaf516f
  React-RCTBlob: 283b8e5025e7f954176bc48164f846909002f3ed
  React-RCTImage: 5088a484faac78f2d877e1b79125d3bb1ea94a16
  React-RCTLinking: 5e8fbb3e9a8bc2e4e3eb15b1eb8bda5fcac27b8c
  React-RCTNetwork: 38ec277217b1e841d5e6a1fa78da65b9212ccb28
  React-RCTSettings: 242d6e692108c3de4f3bb74b7586a8799e9ab070
  React-RCTText: 8746736ac8eb5a4a74719aa695b7a236a93a83d2
  React-RCTVibration: 0fd6b21751a33cb72fce1a4a33ab9678416d307a
  React-runtimeexecutor: cad74a1eaa53ee6e7a3620231939d8fe2c6afcf0
  ReactCommon: cfe2b7fd20e0dbd2d1185cd7d8f99633fbc5ff05
  RNAppleAuthentication: 63c2127ace11985b94f852fc480eb84145653712
  RNCAsyncStorage: 6bd5a7ba3dde1c3facba418aa273f449bdc5437a
  RNCMaskedView: 0e1bc4bfa8365eba5fbbb71e07fbdc0555249489
  RNCPicker: 0991c56da7815c0cf946d6f63cf920b25296e5f6
  RNFastImage: 1f2cab428712a4baaf78d6169eaec7f622556dd7
  RNFBApp: 16bdf8b75b84631513da3d5f5e2520a436ec9b29
  RNFBMessaging: ee73f1b9d0ea6781f32251401fc884549fd0bc44
  RNGestureHandler: a479ebd5ed4221a810967000735517df0d2db211
  RNGoogleSignin: c4381751eefd73c552b923ba347a9bfc6f18771c
  RNLocalize: 291e5e21b53cd30b5205c10ed95d31b0dc9b8d63
  RNReanimated: 7f143675d94978c3555345d5bfa8ed6ae800c5d3
  RNScreens: d6da2b9e29cf523832c2542f47bf1287318b1868
  RNSVG: 551acb6562324b1d52a4e0758f7ca0ec234e278f
  RNVectorIcons: 31cebfcf94e8cf8686eb5303ae0357da64d7a5a4
  SDWebImage: a7f831e1a65eb5e285e3fb046a23fcfbf08e696d
  SDWebImageWebPCoder: f93010f3f6c031e2f8fb3081ca4ee6966c539815
  Yoga: 8c8436d4171c87504c648ae23b1d81242bdf3bbf

PODFILE CHECKSUM: ab2fdf63ab4e23a2ecdfea9ef0c7aca78cac43b5

COCOAPODS: 1.11.2
